
Microsoft Visual Studio Solution File, Format Version 12.00
# Visual Studio Version 16
VisualStudioVersion = 16.0.30803.129
MinimumVisualStudioVersion = 10.0.40219.1
Project("{9A19103F-16F7-4668-BE54-9A1E7A4F7556}") = "fairTeams.API", "fairTeams.API\fairTeams.API.csproj", "{060E95B6-501A-4E9B-B580-1114C492B379}"
EndProject
Global
	GlobalSection(SolutionConfigurationPlatforms) = preSolution
		Debug|Any CPU = Debug|Any CPU
		Release|Any CPU = Release|Any CPU
	EndGlobalSection
	GlobalSection(ProjectConfigurationPlatforms) = postSolution
		{060E95B6-501A-4E9B-B580-1114C492B379}.Debug|Any CPU.ActiveCfg = Debug|Any CPU
		{060E95B6-501A-4E9B-B580-1114C492B379}.Debug|Any CPU.Build.0 = Debug|Any CPU
		{060E95B6-501A-4E9B-B580-1114C492B379}.Release|Any CPU.ActiveCfg = Release|Any CPU
		{060E95B6-501A-4E9B-B580-1114C492B379}.Release|Any CPU.Build.0 = Release|Any CPU
	EndGlobalSection
	GlobalSection(SolutionProperties) = preSolution
		HideSolutionNode = FALSE
	EndGlobalSection
	GlobalSection(ExtensibilityGlobals) = postSolution
		SolutionGuid = {E21D901B-830A-4D39-A621-E4F421A6EE8B}
	EndGlobalSection
EndGlobal
