
Microsoft Visual Studio Solution File, Format Version 12.00
# Visual Studio Version 16
VisualStudioVersion = 16.0.30803.129
MinimumVisualStudioVersion = 10.0.40219.1
Project("{9A19103F-16F7-4668-BE54-9A1E7A4F7556}") = "fairTeams.API", "fairTeams.API\fairTeams.API.csproj", "{060E95B6-501A-4E9B-B580-1114C492B379}"
EndProject
Project("{9A19103F-16F7-4668-BE54-9A1E7A4F7556}") = "fairTeams.API.Tests", "fairTeams.API.Tests\fairTeams.API.Tests.csproj", "{7BD1AAFA-D6EF-4B18-8D55-3CD17415F4F9}"
EndProject
Project("{9A19103F-16F7-4668-BE54-9A1E7A4F7556}") = "fairTeams.Core", "fairTeams.Core\fairTeams.Core.csproj", "{57C8D11F-6239-4C7C-B73C-A4F05BDD0F2B}"
EndProject
Project("{9A19103F-16F7-4668-BE54-9A1E7A4F7556}") = "fairTeams.Core.Tests", "fairTeams.Core.Tests\fairTeams.Core.Tests.csproj", "{459A1D99-A1F1-44F8-BEB9-5B1D754535DA}"
EndProject
Project("{9A19103F-16F7-4668-BE54-9A1E7A4F7556}") = "fairTeams.DemoAnalyzer", "fairTeams.DemoAnalyzer\fairTeams.DemoAnalyzer.csproj", "{25A38CD9-ADDA-4BD2-B92C-9D72E7C0B4B0}"
EndProject
Project("{9A19103F-16F7-4668-BE54-9A1E7A4F7556}") = "fairTeams.DemoAnalyzer.Tests", "fairTeams.DemoAnalyzer.Tests\fairTeams.DemoAnalyzer.Tests.csproj", "{E5E3BAE2-875C-455D-B0D2-84043CB9DB64}"
EndProject
Project("{9A19103F-16F7-4668-BE54-9A1E7A4F7556}") = "fairTeams.Steamworks", "fairTeams.Steamworks\fairTeams.Steamworks.csproj", "{BEF2114C-4134-4B99-8816-28B0C85B5F94}"
EndProject
Project("{9A19103F-16F7-4668-BE54-9A1E7A4F7556}") = "fairTeams.Steamworks.Tests", "fairTeams.Steamworks.Tests\fairTeams.Steamworks.Tests.csproj", "{C6EDB64C-F741-46EA-B68E-F51589494326}"
EndProject
Project("{9A19103F-16F7-4668-BE54-9A1E7A4F7556}") = "fairTeams.DemoHandling", "fairTeams.DemoHandling\fairTeams.DemoHandling.csproj", "{EEE7D061-70AD-4B69-B46A-0EFA9D8A4333}"
EndProject
Project("{9A19103F-16F7-4668-BE54-9A1E7A4F7556}") = "fairTeams.DemoHandling.Tests", "fairTeams.DemoHandling.Tests\fairTeams.DemoHandling.Tests.csproj", "{76DFD853-A729-4035-A383-9FC189E40448}"
EndProject
Global
	GlobalSection(SolutionConfigurationPlatforms) = preSolution
		Debug|Any CPU = Debug|Any CPU
		Release|Any CPU = Release|Any CPU
	EndGlobalSection
	GlobalSection(ProjectConfigurationPlatforms) = postSolution
		{060E95B6-501A-4E9B-B580-1114C492B379}.Debug|Any CPU.ActiveCfg = Debug|Any CPU
		{060E95B6-501A-4E9B-B580-1114C492B379}.Debug|Any CPU.Build.0 = Debug|Any CPU
		{060E95B6-501A-4E9B-B580-1114C492B379}.Release|Any CPU.ActiveCfg = Release|Any CPU
		{060E95B6-501A-4E9B-B580-1114C492B379}.Release|Any CPU.Build.0 = Release|Any CPU
		{7BD1AAFA-D6EF-4B18-8D55-3CD17415F4F9}.Debug|Any CPU.ActiveCfg = Debug|Any CPU
		{7BD1AAFA-D6EF-4B18-8D55-3CD17415F4F9}.Debug|Any CPU.Build.0 = Debug|Any CPU
		{7BD1AAFA-D6EF-4B18-8D55-3CD17415F4F9}.Release|Any CPU.ActiveCfg = Release|Any CPU
		{7BD1AAFA-D6EF-4B18-8D55-3CD17415F4F9}.Release|Any CPU.Build.0 = Release|Any CPU
		{57C8D11F-6239-4C7C-B73C-A4F05BDD0F2B}.Debug|Any CPU.ActiveCfg = Debug|Any CPU
		{57C8D11F-6239-4C7C-B73C-A4F05BDD0F2B}.Debug|Any CPU.Build.0 = Debug|Any CPU
		{57C8D11F-6239-4C7C-B73C-A4F05BDD0F2B}.Release|Any CPU.ActiveCfg = Release|Any CPU
		{57C8D11F-6239-4C7C-B73C-A4F05BDD0F2B}.Release|Any CPU.Build.0 = Release|Any CPU
		{459A1D99-A1F1-44F8-BEB9-5B1D754535DA}.Debug|Any CPU.ActiveCfg = Debug|Any CPU
		{459A1D99-A1F1-44F8-BEB9-5B1D754535DA}.Debug|Any CPU.Build.0 = Debug|Any CPU
		{459A1D99-A1F1-44F8-BEB9-5B1D754535DA}.Release|Any CPU.ActiveCfg = Release|Any CPU
		{459A1D99-A1F1-44F8-BEB9-5B1D754535DA}.Release|Any CPU.Build.0 = Release|Any CPU
		{25A38CD9-ADDA-4BD2-B92C-9D72E7C0B4B0}.Debug|Any CPU.ActiveCfg = Debug|Any CPU
		{25A38CD9-ADDA-4BD2-B92C-9D72E7C0B4B0}.Debug|Any CPU.Build.0 = Debug|Any CPU
		{25A38CD9-ADDA-4BD2-B92C-9D72E7C0B4B0}.Release|Any CPU.ActiveCfg = Release|Any CPU
		{25A38CD9-ADDA-4BD2-B92C-9D72E7C0B4B0}.Release|Any CPU.Build.0 = Release|Any CPU
		{E5E3BAE2-875C-455D-B0D2-84043CB9DB64}.Debug|Any CPU.ActiveCfg = Debug|Any CPU
		{E5E3BAE2-875C-455D-B0D2-84043CB9DB64}.Debug|Any CPU.Build.0 = Debug|Any CPU
		{E5E3BAE2-875C-455D-B0D2-84043CB9DB64}.Release|Any CPU.ActiveCfg = Release|Any CPU
		{E5E3BAE2-875C-455D-B0D2-84043CB9DB64}.Release|Any CPU.Build.0 = Release|Any CPU
		{BEF2114C-4134-4B99-8816-28B0C85B5F94}.Debug|Any CPU.ActiveCfg = Debug|Any CPU
		{BEF2114C-4134-4B99-8816-28B0C85B5F94}.Debug|Any CPU.Build.0 = Debug|Any CPU
		{BEF2114C-4134-4B99-8816-28B0C85B5F94}.Release|Any CPU.ActiveCfg = Release|Any CPU
		{BEF2114C-4134-4B99-8816-28B0C85B5F94}.Release|Any CPU.Build.0 = Release|Any CPU
		{C6EDB64C-F741-46EA-B68E-F51589494326}.Debug|Any CPU.ActiveCfg = Debug|Any CPU
		{C6EDB64C-F741-46EA-B68E-F51589494326}.Debug|Any CPU.Build.0 = Debug|Any CPU
		{C6EDB64C-F741-46EA-B68E-F51589494326}.Release|Any CPU.ActiveCfg = Release|Any CPU
		{C6EDB64C-F741-46EA-B68E-F51589494326}.Release|Any CPU.Build.0 = Release|Any CPU
		{EEE7D061-70AD-4B69-B46A-0EFA9D8A4333}.Debug|Any CPU.ActiveCfg = Debug|Any CPU
		{EEE7D061-70AD-4B69-B46A-0EFA9D8A4333}.Debug|Any CPU.Build.0 = Debug|Any CPU
		{EEE7D061-70AD-4B69-B46A-0EFA9D8A4333}.Release|Any CPU.ActiveCfg = Release|Any CPU
		{EEE7D061-70AD-4B69-B46A-0EFA9D8A4333}.Release|Any CPU.Build.0 = Release|Any CPU
		{76DFD853-A729-4035-A383-9FC189E40448}.Debug|Any CPU.ActiveCfg = Debug|Any CPU
		{76DFD853-A729-4035-A383-9FC189E40448}.Debug|Any CPU.Build.0 = Debug|Any CPU
		{76DFD853-A729-4035-A383-9FC189E40448}.Release|Any CPU.ActiveCfg = Release|Any CPU
		{76DFD853-A729-4035-A383-9FC189E40448}.Release|Any CPU.Build.0 = Release|Any CPU
	EndGlobalSection
	GlobalSection(SolutionProperties) = preSolution
		HideSolutionNode = FALSE
	EndGlobalSection
	GlobalSection(ExtensibilityGlobals) = postSolution
		SolutionGuid = {E21D901B-830A-4D39-A621-E4F421A6EE8B}
	EndGlobalSection
EndGlobal
